// !$*UTF8*$!
{
	archiveVersion = 1;
	classes = {
	};
	objectVersion = 56;
	objects = {

/* Begin PBXBuildFile section */
		4CA7D0452CCC828700D50E62 /* StockTrackerAppApp.swift in Sources */ = {isa = PBXBuildFile; fileRef = 4CA7D0442CCC828700D50E62 /* StockTrackerAppApp.swift */; };
		4CA7D0472CCC828700D50E62 /* ContentView.swift in Sources */ = {isa = PBXBuildFile; fileRef = 4CA7D0462CCC828700D50E62 /* ContentView.swift */; };
		4CA7D0492CCC828A00D50E62 /* Assets.xcassets in Resources */ = {isa = PBXBuildFile; fileRef = 4CA7D0482CCC828A00D50E62 /* Assets.xcassets */; };
		4CA7D04D2CCC828A00D50E62 /* Preview Assets.xcassets in Resources */ = {isa = PBXBuildFile; fileRef = 4CA7D04C2CCC828A00D50E62 /* Preview Assets.xcassets */; };
		4CA7D0572CCC828A00D50E62 /* StockTrackerAppTests.swift in Sources */ = {isa = PBXBuildFile; fileRef = 4CA7D0562CCC828A00D50E62 /* StockTrackerAppTests.swift */; };
		4CA7D0612CCC828A00D50E62 /* StockTrackerAppUITests.swift in Sources */ = {isa = PBXBuildFile; fileRef = 4CA7D0602CCC828A00D50E62 /* StockTrackerAppUITests.swift */; };
		4CA7D0632CCC828A00D50E62 /* StockTrackerAppUITestsLaunchTests.swift in Sources */ = {isa = PBXBuildFile; fileRef = 4CA7D0622CCC828A00D50E62 /* StockTrackerAppUITestsLaunchTests.swift */; };
		4CA7D0702CCC83F300D50E62 /* StockRow.swift in Sources */ = {isa = PBXBuildFile; fileRef = 4CA7D06F2CCC83F300D50E62 /* StockRow.swift */; };
		4CA7D0742CCC898A00D50E62 /* StockList.swift in Sources */ = {isa = PBXBuildFile; fileRef = 4CA7D0732CCC898A00D50E62 /* StockList.swift */; };
		4CA7D0782CCD373D00D50E62 /* CustomDialog.swift in Sources */ = {isa = PBXBuildFile; fileRef = 4CA7D0772CCD373D00D50E62 /* CustomDialog.swift */; };
		4CFCA4EF2CCD63DC00671D5F /* Home.swift in Sources */ = {isa = PBXBuildFile; fileRef = 4CFCA4EE2CCD63DC00671D5F /* Home.swift */; };
		4CFCA4F22CCD664600671D5F /* StockFetcher.swift in Sources */ = {isa = PBXBuildFile; fileRef = 4CFCA4F12CCD664600671D5F /* StockFetcher.swift */; };
		4CFCA4F42CCD6BD300671D5F /* APIManager.swift in Sources */ = {isa = PBXBuildFile; fileRef = 4CFCA4F32CCD6BD300671D5F /* APIManager.swift */; };
		4CFCA4F62CCD8C5000671D5F /* StockQuote.swift in Sources */ = {isa = PBXBuildFile; fileRef = 4CFCA4F52CCD8C5000671D5F /* StockQuote.swift */; };
/* End PBXBuildFile section */

/* Begin PBXContainerItemProxy section */
		4CA7D0532CCC828A00D50E62 /* PBXContainerItemProxy */ = {
			isa = PBXContainerItemProxy;
			containerPortal = 4CA7D0392CCC828700D50E62 /* Project object */;
			proxyType = 1;
			remoteGlobalIDString = 4CA7D0402CCC828700D50E62;
			remoteInfo = StockTrackerApp;
		};
		4CA7D05D2CCC828A00D50E62 /* PBXContainerItemProxy */ = {
			isa = PBXContainerItemProxy;
			containerPortal = 4CA7D0392CCC828700D50E62 /* Project object */;
			proxyType = 1;
			remoteGlobalIDString = 4CA7D0402CCC828700D50E62;
			remoteInfo = StockTrackerApp;
		};
/* End PBXContainerItemProxy section */

/* Begin PBXFileReference section */
		4CA7D0412CCC828700D50E62 /* StockTrackerApp.app */ = {isa = PBXFileReference; explicitFileType = wrapper.application; includeInIndex = 0; path = StockTrackerApp.app; sourceTree = BUILT_PRODUCTS_DIR; };
		4CA7D0442CCC828700D50E62 /* StockTrackerAppApp.swift */ = {isa = PBXFileReference; lastKnownFileType = sourcecode.swift; path = StockTrackerAppApp.swift; sourceTree = "<group>"; };
		4CA7D0462CCC828700D50E62 /* ContentView.swift */ = {isa = PBXFileReference; lastKnownFileType = sourcecode.swift; path = ContentView.swift; sourceTree = "<group>"; };
		4CA7D0482CCC828A00D50E62 /* Assets.xcassets */ = {isa = PBXFileReference; lastKnownFileType = folder.assetcatalog; path = Assets.xcassets; sourceTree = "<group>"; };
		4CA7D04A2CCC828A00D50E62 /* StockTrackerApp.entitlements */ = {isa = PBXFileReference; lastKnownFileType = text.plist.entitlements; path = StockTrackerApp.entitlements; sourceTree = "<group>"; };
		4CA7D04C2CCC828A00D50E62 /* Preview Assets.xcassets */ = {isa = PBXFileReference; lastKnownFileType = folder.assetcatalog; path = "Preview Assets.xcassets"; sourceTree = "<group>"; };
		4CA7D0522CCC828A00D50E62 /* StockTrackerAppTests.xctest */ = {isa = PBXFileReference; explicitFileType = wrapper.cfbundle; includeInIndex = 0; path = StockTrackerAppTests.xctest; sourceTree = BUILT_PRODUCTS_DIR; };
		4CA7D0562CCC828A00D50E62 /* StockTrackerAppTests.swift */ = {isa = PBXFileReference; lastKnownFileType = sourcecode.swift; path = StockTrackerAppTests.swift; sourceTree = "<group>"; };
		4CA7D05C2CCC828A00D50E62 /* StockTrackerAppUITests.xctest */ = {isa = PBXFileReference; explicitFileType = wrapper.cfbundle; includeInIndex = 0; path = StockTrackerAppUITests.xctest; sourceTree = BUILT_PRODUCTS_DIR; };
		4CA7D0602CCC828A00D50E62 /* StockTrackerAppUITests.swift */ = {isa = PBXFileReference; lastKnownFileType = sourcecode.swift; path = StockTrackerAppUITests.swift; sourceTree = "<group>"; };
		4CA7D0622CCC828A00D50E62 /* StockTrackerAppUITestsLaunchTests.swift */ = {isa = PBXFileReference; lastKnownFileType = sourcecode.swift; path = StockTrackerAppUITestsLaunchTests.swift; sourceTree = "<group>"; };
		4CA7D06F2CCC83F300D50E62 /* StockRow.swift */ = {isa = PBXFileReference; lastKnownFileType = sourcecode.swift; path = StockRow.swift; sourceTree = "<group>"; };
		4CA7D0732CCC898A00D50E62 /* StockList.swift */ = {isa = PBXFileReference; lastKnownFileType = sourcecode.swift; path = StockList.swift; sourceTree = "<group>"; };
		4CA7D0772CCD373D00D50E62 /* CustomDialog.swift */ = {isa = PBXFileReference; lastKnownFileType = sourcecode.swift; path = CustomDialog.swift; sourceTree = "<group>"; };
		4CFCA4EE2CCD63DC00671D5F /* Home.swift */ = {isa = PBXFileReference; lastKnownFileType = sourcecode.swift; path = Home.swift; sourceTree = "<group>"; };
		4CFCA4F12CCD664600671D5F /* StockFetcher.swift */ = {isa = PBXFileReference; lastKnownFileType = sourcecode.swift; path = StockFetcher.swift; sourceTree = "<group>"; };
		4CFCA4F32CCD6BD300671D5F /* APIManager.swift */ = {isa = PBXFileReference; lastKnownFileType = sourcecode.swift; path = APIManager.swift; sourceTree = "<group>"; };
		4CFCA4F52CCD8C5000671D5F /* StockQuote.swift */ = {isa = PBXFileReference; lastKnownFileType = sourcecode.swift; path = StockQuote.swift; sourceTree = "<group>"; };
/* End PBXFileReference section */

/* Begin PBXFrameworksBuildPhase section */
		4CA7D03E2CCC828700D50E62 /* Frameworks */ = {
			isa = PBXFrameworksBuildPhase;
			buildActionMask = 2147483647;
			files = (
			);
			runOnlyForDeploymentPostprocessing = 0;
		};
		4CA7D04F2CCC828A00D50E62 /* Frameworks */ = {
			isa = PBXFrameworksBuildPhase;
			buildActionMask = 2147483647;
			files = (
			);
			runOnlyForDeploymentPostprocessing = 0;
		};
		4CA7D0592CCC828A00D50E62 /* Frameworks */ = {
			isa = PBXFrameworksBuildPhase;
			buildActionMask = 2147483647;
			files = (
			);
			runOnlyForDeploymentPostprocessing = 0;
		};
/* End PBXFrameworksBuildPhase section */

/* Begin PBXGroup section */
		4CA7D0382CCC828700D50E62 = {
			isa = PBXGroup;
			children = (
				4CA7D0432CCC828700D50E62 /* StockTrackerApp */,
				4CA7D0552CCC828A00D50E62 /* StockTrackerAppTests */,
				4CA7D05F2CCC828A00D50E62 /* StockTrackerAppUITests */,
				4CA7D0422CCC828700D50E62 /* Products */,
			);
			sourceTree = "<group>";
		};
		4CA7D0422CCC828700D50E62 /* Products */ = {
			isa = PBXGroup;
			children = (
				4CA7D0412CCC828700D50E62 /* StockTrackerApp.app */,
				4CA7D0522CCC828A00D50E62 /* StockTrackerAppTests.xctest */,
				4CA7D05C2CCC828A00D50E62 /* StockTrackerAppUITests.xctest */,
			);
			name = Products;
			sourceTree = "<group>";
		};
		4CA7D0432CCC828700D50E62 /* StockTrackerApp */ = {
			isa = PBXGroup;
			children = (
				4CFCA4F02CCD65A400671D5F /* requests */,
				4CFCA4ED2CCD63C200671D5F /* entities */,
				4CFCA4EC2CCD63A300671D5F /* ui */,
				4CA7D0442CCC828700D50E62 /* StockTrackerAppApp.swift */,
				4CA7D0462CCC828700D50E62 /* ContentView.swift */,
				4CA7D0482CCC828A00D50E62 /* Assets.xcassets */,
				4CA7D04A2CCC828A00D50E62 /* StockTrackerApp.entitlements */,
				4CA7D04B2CCC828A00D50E62 /* Preview Content */,
			);
			path = StockTrackerApp;
			sourceTree = "<group>";
		};
		4CA7D04B2CCC828A00D50E62 /* Preview Content */ = {
			isa = PBXGroup;
			children = (
				4CA7D04C2CCC828A00D50E62 /* Preview Assets.xcassets */,
			);
			path = "Preview Content";
			sourceTree = "<group>";
		};
		4CA7D0552CCC828A00D50E62 /* StockTrackerAppTests */ = {
			isa = PBXGroup;
			children = (
				4CA7D0562CCC828A00D50E62 /* StockTrackerAppTests.swift */,
			);
			path = StockTrackerAppTests;
			sourceTree = "<group>";
		};
		4CA7D05F2CCC828A00D50E62 /* StockTrackerAppUITests */ = {
			isa = PBXGroup;
			children = (
				4CA7D0602CCC828A00D50E62 /* StockTrackerAppUITests.swift */,
				4CA7D0622CCC828A00D50E62 /* StockTrackerAppUITestsLaunchTests.swift */,
			);
			path = StockTrackerAppUITests;
			sourceTree = "<group>";
		};
		4CFCA4EC2CCD63A300671D5F /* ui */ = {
			isa = PBXGroup;
			children = (
				4CA7D0772CCD373D00D50E62 /* CustomDialog.swift */,
				4CA7D0732CCC898A00D50E62 /* StockList.swift */,
				4CA7D06F2CCC83F300D50E62 /* StockRow.swift */,
				4CFCA4EE2CCD63DC00671D5F /* Home.swift */,
			);
			path = ui;
			sourceTree = "<group>";
		};
		4CFCA4ED2CCD63C200671D5F /* entities */ = {
			isa = PBXGroup;
			children = (
				4CFCA4F52CCD8C5000671D5F /* StockQuote.swift */,
			);
			path = entities;
			sourceTree = "<group>";
		};
		4CFCA4F02CCD65A400671D5F /* requests */ = {
			isa = PBXGroup;
			children = (
				4CFCA4F12CCD664600671D5F /* StockFetcher.swift */,
				4CFCA4F32CCD6BD300671D5F /* APIManager.swift */,
			);
			path = requests;
			sourceTree = "<group>";
		};
/* End PBXGroup section */

/* Begin PBXNativeTarget section */
		4CA7D0402CCC828700D50E62 /* StockTrackerApp */ = {
			isa = PBXNativeTarget;
			buildConfigurationList = 4CA7D0662CCC828A00D50E62 /* Build configuration list for PBXNativeTarget "StockTrackerApp" */;
			buildPhases = (
				4CA7D03D2CCC828700D50E62 /* Sources */,
				4CA7D03E2CCC828700D50E62 /* Frameworks */,
				4CA7D03F2CCC828700D50E62 /* Resources */,
			);
			buildRules = (
			);
			dependencies = (
			);
			name = StockTrackerApp;
			productName = StockTrackerApp;
			productReference = 4CA7D0412CCC828700D50E62 /* StockTrackerApp.app */;
			productType = "com.apple.product-type.application";
		};
		4CA7D0512CCC828A00D50E62 /* StockTrackerAppTests */ = {
			isa = PBXNativeTarget;
			buildConfigurationList = 4CA7D0692CCC828A00D50E62 /* Build configuration list for PBXNativeTarget "StockTrackerAppTests" */;
			buildPhases = (
				4CA7D04E2CCC828A00D50E62 /* Sources */,
				4CA7D04F2CCC828A00D50E62 /* Frameworks */,
				4CA7D0502CCC828A00D50E62 /* Resources */,
			);
			buildRules = (
			);
			dependencies = (
				4CA7D0542CCC828A00D50E62 /* PBXTargetDependency */,
			);
			name = StockTrackerAppTests;
			productName = StockTrackerAppTests;
			productReference = 4CA7D0522CCC828A00D50E62 /* StockTrackerAppTests.xctest */;
			productType = "com.apple.product-type.bundle.unit-test";
		};
		4CA7D05B2CCC828A00D50E62 /* StockTrackerAppUITests */ = {
			isa = PBXNativeTarget;
			buildConfigurationList = 4CA7D06C2CCC828A00D50E62 /* Build configuration list for PBXNativeTarget "StockTrackerAppUITests" */;
			buildPhases = (
				4CA7D0582CCC828A00D50E62 /* Sources */,
				4CA7D0592CCC828A00D50E62 /* Frameworks */,
				4CA7D05A2CCC828A00D50E62 /* Resources */,
			);
			buildRules = (
			);
			dependencies = (
				4CA7D05E2CCC828A00D50E62 /* PBXTargetDependency */,
			);
			name = StockTrackerAppUITests;
			productName = StockTrackerAppUITests;
			productReference = 4CA7D05C2CCC828A00D50E62 /* StockTrackerAppUITests.xctest */;
			productType = "com.apple.product-type.bundle.ui-testing";
		};
/* End PBXNativeTarget section */

/* Begin PBXProject section */
		4CA7D0392CCC828700D50E62 /* Project object */ = {
			isa = PBXProject;
			attributes = {
				BuildIndependentTargetsInParallel = 1;
				LastSwiftUpdateCheck = 1500;
				LastUpgradeCheck = 1500;
				TargetAttributes = {
					4CA7D0402CCC828700D50E62 = {
						CreatedOnToolsVersion = 15.0;
					};
					4CA7D0512CCC828A00D50E62 = {
						CreatedOnToolsVersion = 15.0;
						TestTargetID = 4CA7D0402CCC828700D50E62;
					};
					4CA7D05B2CCC828A00D50E62 = {
						CreatedOnToolsVersion = 15.0;
						TestTargetID = 4CA7D0402CCC828700D50E62;
					};
				};
			};
			buildConfigurationList = 4CA7D03C2CCC828700D50E62 /* Build configuration list for PBXProject "StockTrackerApp" */;
			compatibilityVersion = "Xcode 14.0";
			developmentRegion = en;
			hasScannedForEncodings = 0;
			knownRegions = (
				en,
				Base,
			);
			mainGroup = 4CA7D0382CCC828700D50E62;
			productRefGroup = 4CA7D0422CCC828700D50E62 /* Products */;
			projectDirPath = "";
			projectRoot = "";
			targets = (
				4CA7D0402CCC828700D50E62 /* StockTrackerApp */,
				4CA7D0512CCC828A00D50E62 /* StockTrackerAppTests */,
				4CA7D05B2CCC828A00D50E62 /* StockTrackerAppUITests */,
			);
		};
/* End PBXProject section */

/* Begin PBXResourcesBuildPhase section */
		4CA7D03F2CCC828700D50E62 /* Resources */ = {
			isa = PBXResourcesBuildPhase;
			buildActionMask = 2147483647;
			files = (
				4CA7D04D2CCC828A00D50E62 /* Preview Assets.xcassets in Resources */,
				4CA7D0492CCC828A00D50E62 /* Assets.xcassets in Resources */,
			);
			runOnlyForDeploymentPostprocessing = 0;
		};
		4CA7D0502CCC828A00D50E62 /* Resources */ = {
			isa = PBXResourcesBuildPhase;
			buildActionMask = 2147483647;
			files = (
			);
			runOnlyForDeploymentPostprocessing = 0;
		};
		4CA7D05A2CCC828A00D50E62 /* Resources */ = {
			isa = PBXResourcesBuildPhase;
			buildActionMask = 2147483647;
			files = (
			);
			runOnlyForDeploymentPostprocessing = 0;
		};
/* End PBXResourcesBuildPhase section */

/* Begin PBXSourcesBuildPhase section */
		4CA7D03D2CCC828700D50E62 /* Sources */ = {
			isa = PBXSourcesBuildPhase;
			buildActionMask = 2147483647;
			files = (
				4CA7D0702CCC83F300D50E62 /* StockRow.swift in Sources */,
				4CA7D0472CCC828700D50E62 /* ContentView.swift in Sources */,
				4CFCA4F42CCD6BD300671D5F /* APIManager.swift in Sources */,
				4CA7D0452CCC828700D50E62 /* StockTrackerAppApp.swift in Sources */,
				4CFCA4F62CCD8C5000671D5F /* StockQuote.swift in Sources */,
				4CA7D0782CCD373D00D50E62 /* CustomDialog.swift in Sources */,
				4CA7D0742CCC898A00D50E62 /* StockList.swift in Sources */,
				4CFCA4EF2CCD63DC00671D5F /* Home.swift in Sources */,
				4CFCA4F22CCD664600671D5F /* StockFetcher.swift in Sources */,
			);
			runOnlyForDeploymentPostprocessing = 0;
		};
		4CA7D04E2CCC828A00D50E62 /* Sources */ = {
			isa = PBXSourcesBuildPhase;
			buildActionMask = 2147483647;
			files = (
				4CA7D0572CCC828A00D50E62 /* StockTrackerAppTests.swift in Sources */,
			);
			runOnlyForDeploymentPostprocessing = 0;
		};
		4CA7D0582CCC828A00D50E62 /* Sources */ = {
			isa = PBXSourcesBuildPhase;
			buildActionMask = 2147483647;
			files = (
				4CA7D0632CCC828A00D50E62 /* StockTrackerAppUITestsLaunchTests.swift in Sources */,
				4CA7D0612CCC828A00D50E62 /* StockTrackerAppUITests.swift in Sources */,
			);
			runOnlyForDeploymentPostprocessing = 0;
		};
/* End PBXSourcesBuildPhase section */

/* Begin PBXTargetDependency section */
		4CA7D0542CCC828A00D50E62 /* PBXTargetDependency */ = {
			isa = PBXTargetDependency;
			target = 4CA7D0402CCC828700D50E62 /* StockTrackerApp */;
			targetProxy = 4CA7D0532CCC828A00D50E62 /* PBXContainerItemProxy */;
		};
		4CA7D05E2CCC828A00D50E62 /* PBXTargetDependency */ = {
			isa = PBXTargetDependency;
			target = 4CA7D0402CCC828700D50E62 /* StockTrackerApp */;
			targetProxy = 4CA7D05D2CCC828A00D50E62 /* PBXContainerItemProxy */;
		};
/* End PBXTargetDependency section */

/* Begin XCBuildConfiguration section */
		4CA7D0642CCC828A00D50E62 /* Debug */ = {
			isa = XCBuildConfiguration;
			buildSettings = {
				ALWAYS_SEARCH_USER_PATHS = NO;
				ASSETCATALOG_COMPILER_GENERATE_SWIFT_ASSET_SYMBOL_EXTENSIONS = YES;
				CLANG_ANALYZER_NONNULL = YES;
				CLANG_ANALYZER_NUMBER_OBJECT_CONVERSION = YES_AGGRESSIVE;
				CLANG_CXX_LANGUAGE_STANDARD = "gnu++20";
				CLANG_ENABLE_MODULES = YES;
				CLANG_ENABLE_OBJC_ARC = YES;
				CLANG_ENABLE_OBJC_WEAK = YES;
				CLANG_WARN_BLOCK_CAPTURE_AUTORELEASING = YES;
				CLANG_WARN_BOOL_CONVERSION = YES;
				CLANG_WARN_COMMA = YES;
				CLANG_WARN_CONSTANT_CONVERSION = YES;
				CLANG_WARN_DEPRECATED_OBJC_IMPLEMENTATIONS = YES;
				CLANG_WARN_DIRECT_OBJC_ISA_USAGE = YES_ERROR;
				CLANG_WARN_DOCUMENTATION_COMMENTS = YES;
				CLANG_WARN_EMPTY_BODY = YES;
				CLANG_WARN_ENUM_CONVERSION = YES;
				CLANG_WARN_INFINITE_RECURSION = YES;
				CLANG_WARN_INT_CONVERSION = YES;
				CLANG_WARN_NON_LITERAL_NULL_CONVERSION = YES;
				CLANG_WARN_OBJC_IMPLICIT_RETAIN_SELF = YES;
				CLANG_WARN_OBJC_LITERAL_CONVERSION = YES;
				CLANG_WARN_OBJC_ROOT_CLASS = YES_ERROR;
				CLANG_WARN_QUOTED_INCLUDE_IN_FRAMEWORK_HEADER = YES;
				CLANG_WARN_RANGE_LOOP_ANALYSIS = YES;
				CLANG_WARN_STRICT_PROTOTYPES = YES;
				CLANG_WARN_SUSPICIOUS_MOVE = YES;
				CLANG_WARN_UNGUARDED_AVAILABILITY = YES_AGGRESSIVE;
				CLANG_WARN_UNREACHABLE_CODE = YES;
				CLANG_WARN__DUPLICATE_METHOD_MATCH = YES;
				COPY_PHASE_STRIP = NO;
				DEBUG_INFORMATION_FORMAT = dwarf;
				ENABLE_STRICT_OBJC_MSGSEND = YES;
				ENABLE_TESTABILITY = YES;
				ENABLE_USER_SCRIPT_SANDBOXING = YES;
				GCC_C_LANGUAGE_STANDARD = gnu17;
				GCC_DYNAMIC_NO_PIC = NO;
				GCC_NO_COMMON_BLOCKS = YES;
				GCC_OPTIMIZATION_LEVEL = 0;
				GCC_PREPROCESSOR_DEFINITIONS = (
					"DEBUG=1",
					"$(inherited)",
				);
				GCC_WARN_64_TO_32_BIT_CONVERSION = YES;
				GCC_WARN_ABOUT_RETURN_TYPE = YES_ERROR;
				GCC_WARN_UNDECLARED_SELECTOR = YES;
				GCC_WARN_UNINITIALIZED_AUTOS = YES_AGGRESSIVE;
				GCC_WARN_UNUSED_FUNCTION = YES;
				GCC_WARN_UNUSED_VARIABLE = YES;
				LOCALIZATION_PREFERS_STRING_CATALOGS = YES;
				MTL_ENABLE_DEBUG_INFO = INCLUDE_SOURCE;
				MTL_FAST_MATH = YES;
				ONLY_ACTIVE_ARCH = YES;
				SWIFT_ACTIVE_COMPILATION_CONDITIONS = "DEBUG $(inherited)";
				SWIFT_OPTIMIZATION_LEVEL = "-Onone";
			};
			name = Debug;
		};
		4CA7D0652CCC828A00D50E62 /* Release */ = {
			isa = XCBuildConfiguration;
			buildSettings = {
				ALWAYS_SEARCH_USER_PATHS = NO;
				ASSETCATALOG_COMPILER_GENERATE_SWIFT_ASSET_SYMBOL_EXTENSIONS = YES;
				CLANG_ANALYZER_NONNULL = YES;
				CLANG_ANALYZER_NUMBER_OBJECT_CONVERSION = YES_AGGRESSIVE;
				CLANG_CXX_LANGUAGE_STANDARD = "gnu++20";
				CLANG_ENABLE_MODULES = YES;
				CLANG_ENABLE_OBJC_ARC = YES;
				CLANG_ENABLE_OBJC_WEAK = YES;
				CLANG_WARN_BLOCK_CAPTURE_AUTORELEASING = YES;
				CLANG_WARN_BOOL_CONVERSION = YES;
				CLANG_WARN_COMMA = YES;
				CLANG_WARN_CONSTANT_CONVERSION = YES;
				CLANG_WARN_DEPRECATED_OBJC_IMPLEMENTATIONS = YES;
				CLANG_WARN_DIRECT_OBJC_ISA_USAGE = YES_ERROR;
				CLANG_WARN_DOCUMENTATION_COMMENTS = YES;
				CLANG_WARN_EMPTY_BODY = YES;
				CLANG_WARN_ENUM_CONVERSION = YES;
				CLANG_WARN_INFINITE_RECURSION = YES;
				CLANG_WARN_INT_CONVERSION = YES;
				CLANG_WARN_NON_LITERAL_NULL_CONVERSION = YES;
				CLANG_WARN_OBJC_IMPLICIT_RETAIN_SELF = YES;
				CLANG_WARN_OBJC_LITERAL_CONVERSION = YES;
				CLANG_WARN_OBJC_ROOT_CLASS = YES_ERROR;
				CLANG_WARN_QUOTED_INCLUDE_IN_FRAMEWORK_HEADER = YES;
				CLANG_WARN_RANGE_LOOP_ANALYSIS = YES;
				CLANG_WARN_STRICT_PROTOTYPES = YES;
				CLANG_WARN_SUSPICIOUS_MOVE = YES;
				CLANG_WARN_UNGUARDED_AVAILABILITY = YES_AGGRESSIVE;
				CLANG_WARN_UNREACHABLE_CODE = YES;
				CLANG_WARN__DUPLICATE_METHOD_MATCH = YES;
				COPY_PHASE_STRIP = NO;
				DEBUG_INFORMATION_FORMAT = "dwarf-with-dsym";
				ENABLE_NS_ASSERTIONS = NO;
				ENABLE_STRICT_OBJC_MSGSEND = YES;
				ENABLE_USER_SCRIPT_SANDBOXING = YES;
				GCC_C_LANGUAGE_STANDARD = gnu17;
				GCC_NO_COMMON_BLOCKS = YES;
				GCC_WARN_64_TO_32_BIT_CONVERSION = YES;
				GCC_WARN_ABOUT_RETURN_TYPE = YES_ERROR;
				GCC_WARN_UNDECLARED_SELECTOR = YES;
				GCC_WARN_UNINITIALIZED_AUTOS = YES_AGGRESSIVE;
				GCC_WARN_UNUSED_FUNCTION = YES;
				GCC_WARN_UNUSED_VARIABLE = YES;
				LOCALIZATION_PREFERS_STRING_CATALOGS = YES;
				MTL_ENABLE_DEBUG_INFO = NO;
				MTL_FAST_MATH = YES;
				SWIFT_COMPILATION_MODE = wholemodule;
			};
			name = Release;
		};
		4CA7D0672CCC828A00D50E62 /* Debug */ = {
			isa = XCBuildConfiguration;
			buildSettings = {
				ASSETCATALOG_COMPILER_APPICON_NAME = AppIcon;
				ASSETCATALOG_COMPILER_GLOBAL_ACCENT_COLOR_NAME = AccentColor;
				CODE_SIGN_ENTITLEMENTS = StockTrackerApp/StockTrackerApp.entitlements;
				CODE_SIGN_STYLE = Automatic;
				CURRENT_PROJECT_VERSION = 1;
				DEVELOPMENT_ASSET_PATHS = "\"StockTrackerApp/Preview Content\"";
				ENABLE_PREVIEWS = YES;
				GENERATE_INFOPLIST_FILE = YES;
				"INFOPLIST_KEY_UIApplicationSceneManifest_Generation[sdk=iphoneos*]" = YES;
				"INFOPLIST_KEY_UIApplicationSceneManifest_Generation[sdk=iphonesimulator*]" = YES;
				"INFOPLIST_KEY_UIApplicationSupportsIndirectInputEvents[sdk=iphoneos*]" = YES;
				"INFOPLIST_KEY_UIApplicationSupportsIndirectInputEvents[sdk=iphonesimulator*]" = YES;
				"INFOPLIST_KEY_UILaunchScreen_Generation[sdk=iphoneos*]" = YES;
				"INFOPLIST_KEY_UILaunchScreen_Generation[sdk=iphonesimulator*]" = YES;
				"INFOPLIST_KEY_UIStatusBarStyle[sdk=iphoneos*]" = UIStatusBarStyleDefault;
				"INFOPLIST_KEY_UIStatusBarStyle[sdk=iphonesimulator*]" = UIStatusBarStyleDefault;
				INFOPLIST_KEY_UISupportedInterfaceOrientations_iPad = "UIInterfaceOrientationPortrait UIInterfaceOrientationPortraitUpsideDown UIInterfaceOrientationLandscapeLeft UIInterfaceOrientationLandscapeRight";
				INFOPLIST_KEY_UISupportedInterfaceOrientations_iPhone = "UIInterfaceOrientationPortrait UIInterfaceOrientationLandscapeLeft UIInterfaceOrientationLandscapeRight";
				IPHONEOS_DEPLOYMENT_TARGET = 17.0;
				LD_RUNPATH_SEARCH_PATHS = "@executable_path/Frameworks";
				"LD_RUNPATH_SEARCH_PATHS[sdk=macosx*]" = "@executable_path/../Frameworks";
				MACOSX_DEPLOYMENT_TARGET = 14.0;
				MARKETING_VERSION = 1.0;
				PRODUCT_BUNDLE_IDENTIFIER = krasamo.StockTrackerApp;
				PRODUCT_NAME = "$(TARGET_NAME)";
				SDKROOT = auto;
				SUPPORTED_PLATFORMS = "iphoneos iphonesimulator macosx";
				SWIFT_EMIT_LOC_STRINGS = YES;
				SWIFT_VERSION = 5.0;
				TARGETED_DEVICE_FAMILY = "1,2";
			};
			name = Debug;
		};
		4CA7D0682CCC828A00D50E62 /* Release */ = {
			isa = XCBuildConfiguration;
			buildSettings = {
				ASSETCATALOG_COMPILER_APPICON_NAME = AppIcon;
				ASSETCATALOG_COMPILER_GLOBAL_ACCENT_COLOR_NAME = AccentColor;
				CODE_SIGN_ENTITLEMENTS = StockTrackerApp/StockTrackerApp.entitlements;
				CODE_SIGN_STYLE = Automatic;
				CURRENT_PROJECT_VERSION = 1;
				DEVELOPMENT_ASSET_PATHS = "\"StockTrackerApp/Preview Content\"";
				ENABLE_PREVIEWS = YES;
				GENERATE_INFOPLIST_FILE = YES;
				"INFOPLIST_KEY_UIApplicationSceneManifest_Generation[sdk=iphoneos*]" = YES;
				"INFOPLIST_KEY_UIApplicationSceneManifest_Generation[sdk=iphonesimulator*]" = YES;
				"INFOPLIST_KEY_UIApplicationSupportsIndirectInputEvents[sdk=iphoneos*]" = YES;
				"INFOPLIST_KEY_UIApplicationSupportsIndirectInputEvents[sdk=iphonesimulator*]" = YES;
				"INFOPLIST_KEY_UILaunchScreen_Generation[sdk=iphoneos*]" = YES;
				"INFOPLIST_KEY_UILaunchScreen_Generation[sdk=iphonesimulator*]" = YES;
				"INFOPLIST_KEY_UIStatusBarStyle[sdk=iphoneos*]" = UIStatusBarStyleDefault;
				"INFOPLIST_KEY_UIStatusBarStyle[sdk=iphonesimulator*]" = UIStatusBarStyleDefault;
				INFOPLIST_KEY_UISupportedInterfaceOrientations_iPad = "UIInterfaceOrientationPortrait UIInterfaceOrientationPortraitUpsideDown UIInterfaceOrientationLandscapeLeft UIInterfaceOrientationLandscapeRight";
				INFOPLIST_KEY_UISupportedInterfaceOrientations_iPhone = "UIInterfaceOrientationPortrait UIInterfaceOrientationLandscapeLeft UIInterfaceOrientationLandscapeRight";
				IPHONEOS_DEPLOYMENT_TARGET = 17.0;
				LD_RUNPATH_SEARCH_PATHS = "@executable_path/Frameworks";
				"LD_RUNPATH_SEARCH_PATHS[sdk=macosx*]" = "@executable_path/../Frameworks";
				MACOSX_DEPLOYMENT_TARGET = 14.0;
				MARKETING_VERSION = 1.0;
				PRODUCT_BUNDLE_IDENTIFIER = krasamo.StockTrackerApp;
				PRODUCT_NAME = "$(TARGET_NAME)";
				SDKROOT = auto;
				SUPPORTED_PLATFORMS = "iphoneos iphonesimulator macosx";
				SWIFT_EMIT_LOC_STRINGS = YES;
				SWIFT_VERSION = 5.0;
				TARGETED_DEVICE_FAMILY = "1,2";
			};
			name = Release;
		};
		4CA7D06A2CCC828A00D50E62 /* Debug */ = {
			isa = XCBuildConfiguration;
			buildSettings = {
				ALWAYS_EMBED_SWIFT_STANDARD_LIBRARIES = YES;
				BUNDLE_LOADER = "$(TEST_HOST)";
				CODE_SIGN_STYLE = Automatic;
				CURRENT_PROJECT_VERSION = 1;
				GENERATE_INFOPLIST_FILE = YES;
				IPHONEOS_DEPLOYMENT_TARGET = 17.0;
				MACOSX_DEPLOYMENT_TARGET = 14.0;
				MARKETING_VERSION = 1.0;
				PRODUCT_BUNDLE_IDENTIFIER = krasamo.StockTrackerAppTests;
				PRODUCT_NAME = "$(TARGET_NAME)";
				SDKROOT = auto;
				SUPPORTED_PLATFORMS = "iphoneos iphonesimulator macosx";
				SWIFT_EMIT_LOC_STRINGS = NO;
				SWIFT_VERSION = 5.0;
				TARGETED_DEVICE_FAMILY = "1,2";
				TEST_HOST = "$(BUILT_PRODUCTS_DIR)/StockTrackerApp.app/$(BUNDLE_EXECUTABLE_FOLDER_PATH)/StockTrackerApp";
			};
			name = Debug;
		};
		4CA7D06B2CCC828A00D50E62 /* Release */ = {
			isa = XCBuildConfiguration;
			buildSettings = {
				ALWAYS_EMBED_SWIFT_STANDARD_LIBRARIES = YES;
				BUNDLE_LOADER = "$(TEST_HOST)";
				CODE_SIGN_STYLE = Automatic;
				CURRENT_PROJECT_VERSION = 1;
				GENERATE_INFOPLIST_FILE = YES;
				IPHONEOS_DEPLOYMENT_TARGET = 17.0;
				MACOSX_DEPLOYMENT_TARGET = 14.0;
				MARKETING_VERSION = 1.0;
				PRODUCT_BUNDLE_IDENTIFIER = krasamo.StockTrackerAppTests;
				PRODUCT_NAME = "$(TARGET_NAME)";
				SDKROOT = auto;
				SUPPORTED_PLATFORMS = "iphoneos iphonesimulator macosx";
				SWIFT_EMIT_LOC_STRINGS = NO;
				SWIFT_VERSION = 5.0;
				TARGETED_DEVICE_FAMILY = "1,2";
				TEST_HOST = "$(BUILT_PRODUCTS_DIR)/StockTrackerApp.app/$(BUNDLE_EXECUTABLE_FOLDER_PATH)/StockTrackerApp";
			};
			name = Release;
		};
		4CA7D06D2CCC828A00D50E62 /* Debug */ = {
			isa = XCBuildConfiguration;
			buildSettings = {
				ALWAYS_EMBED_SWIFT_STANDARD_LIBRARIES = YES;
				CODE_SIGN_STYLE = Automatic;
				CURRENT_PROJECT_VERSION = 1;
				GENERATE_INFOPLIST_FILE = YES;
				IPHONEOS_DEPLOYMENT_TARGET = 17.0;
				MACOSX_DEPLOYMENT_TARGET = 14.0;
				MARKETING_VERSION = 1.0;
				PRODUCT_BUNDLE_IDENTIFIER = krasamo.StockTrackerAppUITests;
				PRODUCT_NAME = "$(TARGET_NAME)";
				SDKROOT = auto;
				SUPPORTED_PLATFORMS = "iphoneos iphonesimulator macosx";
				SWIFT_EMIT_LOC_STRINGS = NO;
				SWIFT_VERSION = 5.0;
				TARGETED_DEVICE_FAMILY = "1,2";
				TEST_TARGET_NAME = StockTrackerApp;
			};
			name = Debug;
		};
		4CA7D06E2CCC828A00D50E62 /* Release */ = {
			isa = XCBuildConfiguration;
			buildSettings = {
				ALWAYS_EMBED_SWIFT_STANDARD_LIBRARIES = YES;
				CODE_SIGN_STYLE = Automatic;
				CURRENT_PROJECT_VERSION = 1;
				GENERATE_INFOPLIST_FILE = YES;
				IPHONEOS_DEPLOYMENT_TARGET = 17.0;
				MACOSX_DEPLOYMENT_TARGET = 14.0;
				MARKETING_VERSION = 1.0;
				PRODUCT_BUNDLE_IDENTIFIER = krasamo.StockTrackerAppUITests;
				PRODUCT_NAME = "$(TARGET_NAME)";
				SDKROOT = auto;
				SUPPORTED_PLATFORMS = "iphoneos iphonesimulator macosx";
				SWIFT_EMIT_LOC_STRINGS = NO;
				SWIFT_VERSION = 5.0;
				TARGETED_DEVICE_FAMILY = "1,2";
				TEST_TARGET_NAME = StockTrackerApp;
			};
			name = Release;
		};
/* End XCBuildConfiguration section */

/* Begin XCConfigurationList section */
		4CA7D03C2CCC828700D50E62 /* Build configuration list for PBXProject "StockTrackerApp" */ = {
			isa = XCConfigurationList;
			buildConfigurations = (
				4CA7D0642CCC828A00D50E62 /* Debug */,
				4CA7D0652CCC828A00D50E62 /* Release */,
			);
			defaultConfigurationIsVisible = 0;
			defaultConfigurationName = Release;
		};
		4CA7D0662CCC828A00D50E62 /* Build configuration list for PBXNativeTarget "StockTrackerApp" */ = {
			isa = XCConfigurationList;
			buildConfigurations = (
				4CA7D0672CCC828A00D50E62 /* Debug */,
				4CA7D0682CCC828A00D50E62 /* Release */,
			);
			defaultConfigurationIsVisible = 0;
			defaultConfigurationName = Release;
		};
		4CA7D0692CCC828A00D50E62 /* Build configuration list for PBXNativeTarget "StockTrackerAppTests" */ = {
			isa = XCConfigurationList;
			buildConfigurations = (
				4CA7D06A2CCC828A00D50E62 /* Debug */,
				4CA7D06B2CCC828A00D50E62 /* Release */,
			);
			defaultConfigurationIsVisible = 0;
			defaultConfigurationName = Release;
		};
		4CA7D06C2CCC828A00D50E62 /* Build configuration list for PBXNativeTarget "StockTrackerAppUITests" */ = {
			isa = XCConfigurationList;
			buildConfigurations = (
				4CA7D06D2CCC828A00D50E62 /* Debug */,
				4CA7D06E2CCC828A00D50E62 /* Release */,
			);
			defaultConfigurationIsVisible = 0;
			defaultConfigurationName = Release;
		};
/* End XCConfigurationList section */
	};
	rootObject = 4CA7D0392CCC828700D50E62 /* Project object */;
}
